
Microsoft Visual Studio Solution File, Format Version 12.00
# Visual Studio Version 17
VisualStudioVersion = 17.4.33213.308
MinimumVisualStudioVersion = 10.0.40219.1
Project("{FAE04EC0-301F-11D3-BF4B-00C04F79EFBC}") = "ATMv2", "ATMv2\ATMv2.csproj", "{8CD18B88-762B-430B-B765-DE7FF672C20C}"
EndProject
Global
	GlobalSection(SolutionConfigurationPlatforms) = preSolution
		Debug|Any CPU = Debug|Any CPU
		Release|Any CPU = Release|Any CPU
	EndGlobalSection
	GlobalSection(ProjectConfigurationPlatforms) = postSolution
		{8CD18B88-762B-430B-B765-DE7FF672C20C}.Debug|Any CPU.ActiveCfg = Debug|Any CPU
		{8CD18B88-762B-430B-B765-DE7FF672C20C}.Debug|Any CPU.Build.0 = Debug|Any CPU
		{8CD18B88-762B-430B-B765-DE7FF672C20C}.Release|Any CPU.ActiveCfg = Release|Any CPU
		{8CD18B88-762B-430B-B765-DE7FF672C20C}.Release|Any CPU.Build.0 = Release|Any CPU
	EndGlobalSection
	GlobalSection(SolutionProperties) = preSolution
		HideSolutionNode = FALSE
	EndGlobalSection
	GlobalSection(ExtensibilityGlobals) = postSolution
		SolutionGuid = {8B47EF23-F603-4BED-BF03-FF56F8A789AD}
	EndGlobalSection
EndGlobal
